
Microsoft Visual Studio Solution File, Format Version 12.00
# Visual Studio 15
Project("{FAE04EC0-301F-11D3-BF4B-00C04F79EFBC}") = "Assembly-CSharp", "Assembly-CSharp.csproj", "{F0AEC283-F8E9-82F7-2CE3-1BD6E1E5DF24}"
EndProject
Project("{FAE04EC0-301F-11D3-BF4B-00C04F79EFBC}") = "Assembly-CSharp-Editor", "Assembly-CSharp-Editor.csproj", "{3441B077-CBF2-605D-D513-549F71F904BA}"
EndProject
Project("{9A19103F-16F7-4668-BE54-9A1E7A4F7556}") = "assailant", "assailant\assailant.csproj", "{19F285E3-206D-48C6-8C11-CA3EDA0F578B}"
EndProject
Project("{9A19103F-16F7-4668-BE54-9A1E7A4F7556}") = "Assailant_Service_Server", "Assailant_Service_Server\Assailant_Service_Server.csproj", "{3C77EB06-7FEB-4DF7-90AE-FC22C2EF5E55}"
EndProject
Project("{9A19103F-16F7-4668-BE54-9A1E7A4F7556}") = "Character_Creator", "Character_Creator\Character_Creator.csproj", "{A26BDAAD-F10A-4C07-AF73-819C10670D61}"
EndProject
Project("{9A19103F-16F7-4668-BE54-9A1E7A4F7556}") = "Contracts", "Contracts\Contracts.csproj", "{0C22CDDA-BC46-4CF6-A3E3-7FE1BBCA136C}"
EndProject
Project("{9A19103F-16F7-4668-BE54-9A1E7A4F7556}") = "DataAccess", "DataAccess\DataAccess.csproj", "{F5C3746C-818B-4AEA-B734-CA7F7F7B93AA}"
EndProject
Global
	GlobalSection(SolutionConfigurationPlatforms) = preSolution
		Debug|Any CPU = Debug|Any CPU
		Release|Any CPU = Release|Any CPU
	EndGlobalSection
	GlobalSection(ProjectConfigurationPlatforms) = postSolution
		{F0AEC283-F8E9-82F7-2CE3-1BD6E1E5DF24}.Debug|Any CPU.ActiveCfg = Debug|Any CPU
		{F0AEC283-F8E9-82F7-2CE3-1BD6E1E5DF24}.Debug|Any CPU.Build.0 = Debug|Any CPU
		{F0AEC283-F8E9-82F7-2CE3-1BD6E1E5DF24}.Release|Any CPU.ActiveCfg = Release|Any CPU
		{F0AEC283-F8E9-82F7-2CE3-1BD6E1E5DF24}.Release|Any CPU.Build.0 = Release|Any CPU
		{3441B077-CBF2-605D-D513-549F71F904BA}.Debug|Any CPU.ActiveCfg = Debug|Any CPU
		{3441B077-CBF2-605D-D513-549F71F904BA}.Debug|Any CPU.Build.0 = Debug|Any CPU
		{3441B077-CBF2-605D-D513-549F71F904BA}.Release|Any CPU.ActiveCfg = Release|Any CPU
		{3441B077-CBF2-605D-D513-549F71F904BA}.Release|Any CPU.Build.0 = Release|Any CPU
		{19F285E3-206D-48C6-8C11-CA3EDA0F578B}.Debug|Any CPU.ActiveCfg = Debug|Any CPU
		{19F285E3-206D-48C6-8C11-CA3EDA0F578B}.Debug|Any CPU.Build.0 = Debug|Any CPU
		{19F285E3-206D-48C6-8C11-CA3EDA0F578B}.Release|Any CPU.ActiveCfg = Release|Any CPU
		{19F285E3-206D-48C6-8C11-CA3EDA0F578B}.Release|Any CPU.Build.0 = Release|Any CPU
		{3C77EB06-7FEB-4DF7-90AE-FC22C2EF5E55}.Debug|Any CPU.ActiveCfg = Debug|Any CPU
		{3C77EB06-7FEB-4DF7-90AE-FC22C2EF5E55}.Debug|Any CPU.Build.0 = Debug|Any CPU
		{3C77EB06-7FEB-4DF7-90AE-FC22C2EF5E55}.Release|Any CPU.ActiveCfg = Release|Any CPU
		{3C77EB06-7FEB-4DF7-90AE-FC22C2EF5E55}.Release|Any CPU.Build.0 = Release|Any CPU
		{A26BDAAD-F10A-4C07-AF73-819C10670D61}.Debug|Any CPU.ActiveCfg = Debug|Any CPU
		{A26BDAAD-F10A-4C07-AF73-819C10670D61}.Debug|Any CPU.Build.0 = Debug|Any CPU
		{A26BDAAD-F10A-4C07-AF73-819C10670D61}.Release|Any CPU.ActiveCfg = Release|Any CPU
		{A26BDAAD-F10A-4C07-AF73-819C10670D61}.Release|Any CPU.Build.0 = Release|Any CPU
		{0C22CDDA-BC46-4CF6-A3E3-7FE1BBCA136C}.Debug|Any CPU.ActiveCfg = Debug|Any CPU
		{0C22CDDA-BC46-4CF6-A3E3-7FE1BBCA136C}.Debug|Any CPU.Build.0 = Debug|Any CPU
		{0C22CDDA-BC46-4CF6-A3E3-7FE1BBCA136C}.Release|Any CPU.ActiveCfg = Release|Any CPU
		{0C22CDDA-BC46-4CF6-A3E3-7FE1BBCA136C}.Release|Any CPU.Build.0 = Release|Any CPU
		{F5C3746C-818B-4AEA-B734-CA7F7F7B93AA}.Debug|Any CPU.ActiveCfg = Debug|Any CPU
		{F5C3746C-818B-4AEA-B734-CA7F7F7B93AA}.Debug|Any CPU.Build.0 = Debug|Any CPU
		{F5C3746C-818B-4AEA-B734-CA7F7F7B93AA}.Release|Any CPU.ActiveCfg = Release|Any CPU
		{F5C3746C-818B-4AEA-B734-CA7F7F7B93AA}.Release|Any CPU.Build.0 = Release|Any CPU
	EndGlobalSection
	GlobalSection(SolutionProperties) = preSolution
		HideSolutionNode = FALSE
	EndGlobalSection
EndGlobal
