
Microsoft Visual Studio Solution File, Format Version 12.00
# Visual Studio Version 17
VisualStudioVersion = 17.4.33213.308
MinimumVisualStudioVersion = 10.0.40219.1
Project("{9A19103F-16F7-4668-BE54-9A1E7A4F7556}") = "assailant", "assailant\assailant.csproj", "{A683B012-D170-4563-8342-ACD49B2481FF}"
EndProject
Project("{9A19103F-16F7-4668-BE54-9A1E7A4F7556}") = "Shared", "Shared\Shared.csproj", "{5A7F1650-E090-482E-A751-0B04596FB785}"
EndProject
Project("{9A19103F-16F7-4668-BE54-9A1E7A4F7556}") = "Assailant_Service_Server", "Assailant_Service_Server\Assailant_Service_Server.csproj", "{D200FBF2-9D6D-4DDE-BEC3-BBE47AA5FAFC}"
EndProject
Project("{9A19103F-16F7-4668-BE54-9A1E7A4F7556}") = "Character_Creator", "Character_Creator\Character_Creator.csproj", "{50C192B5-E384-4A9C-B48E-45A077C2BD2A}"
EndProject
Project("{FAE04EC0-301F-11D3-BF4B-00C04F79EFBC}") = "DataAccess", "DataAccess\DataAccess.csproj", "{1E2CE749-C2FE-431C-A8C7-976FD7104211}"
EndProject
Project("{FAE04EC0-301F-11D3-BF4B-00C04F79EFBC}") = "Contracts", "Contracts\Contracts.csproj", "{620BA506-269E-48B8-9A2D-CB61F6F49E28}"
EndProject
Global
	GlobalSection(SolutionConfigurationPlatforms) = preSolution
		Debug|Any CPU = Debug|Any CPU
		Release|Any CPU = Release|Any CPU
	EndGlobalSection
	GlobalSection(ProjectConfigurationPlatforms) = postSolution
		{A683B012-D170-4563-8342-ACD49B2481FF}.Debug|Any CPU.ActiveCfg = Debug|Any CPU
		{A683B012-D170-4563-8342-ACD49B2481FF}.Debug|Any CPU.Build.0 = Debug|Any CPU
		{A683B012-D170-4563-8342-ACD49B2481FF}.Release|Any CPU.ActiveCfg = Release|Any CPU
		{A683B012-D170-4563-8342-ACD49B2481FF}.Release|Any CPU.Build.0 = Release|Any CPU
		{5A7F1650-E090-482E-A751-0B04596FB785}.Debug|Any CPU.ActiveCfg = Debug|Any CPU
		{5A7F1650-E090-482E-A751-0B04596FB785}.Debug|Any CPU.Build.0 = Debug|Any CPU
		{5A7F1650-E090-482E-A751-0B04596FB785}.Release|Any CPU.ActiveCfg = Release|Any CPU
		{5A7F1650-E090-482E-A751-0B04596FB785}.Release|Any CPU.Build.0 = Release|Any CPU
		{D200FBF2-9D6D-4DDE-BEC3-BBE47AA5FAFC}.Debug|Any CPU.ActiveCfg = Debug|Any CPU
		{D200FBF2-9D6D-4DDE-BEC3-BBE47AA5FAFC}.Debug|Any CPU.Build.0 = Debug|Any CPU
		{D200FBF2-9D6D-4DDE-BEC3-BBE47AA5FAFC}.Release|Any CPU.ActiveCfg = Release|Any CPU
		{D200FBF2-9D6D-4DDE-BEC3-BBE47AA5FAFC}.Release|Any CPU.Build.0 = Release|Any CPU
		{50C192B5-E384-4A9C-B48E-45A077C2BD2A}.Debug|Any CPU.ActiveCfg = Debug|Any CPU
		{50C192B5-E384-4A9C-B48E-45A077C2BD2A}.Debug|Any CPU.Build.0 = Debug|Any CPU
		{50C192B5-E384-4A9C-B48E-45A077C2BD2A}.Release|Any CPU.ActiveCfg = Release|Any CPU
		{50C192B5-E384-4A9C-B48E-45A077C2BD2A}.Release|Any CPU.Build.0 = Release|Any CPU
		{1E2CE749-C2FE-431C-A8C7-976FD7104211}.Debug|Any CPU.ActiveCfg = Debug|Any CPU
		{1E2CE749-C2FE-431C-A8C7-976FD7104211}.Debug|Any CPU.Build.0 = Debug|Any CPU
		{1E2CE749-C2FE-431C-A8C7-976FD7104211}.Release|Any CPU.ActiveCfg = Release|Any CPU
		{1E2CE749-C2FE-431C-A8C7-976FD7104211}.Release|Any CPU.Build.0 = Release|Any CPU
		{620BA506-269E-48B8-9A2D-CB61F6F49E28}.Debug|Any CPU.ActiveCfg = Debug|Any CPU
		{620BA506-269E-48B8-9A2D-CB61F6F49E28}.Debug|Any CPU.Build.0 = Debug|Any CPU
		{620BA506-269E-48B8-9A2D-CB61F6F49E28}.Release|Any CPU.ActiveCfg = Release|Any CPU
		{620BA506-269E-48B8-9A2D-CB61F6F49E28}.Release|Any CPU.Build.0 = Release|Any CPU
	EndGlobalSection
	GlobalSection(SolutionProperties) = preSolution
		HideSolutionNode = FALSE
	EndGlobalSection
	GlobalSection(ExtensibilityGlobals) = postSolution
		SolutionGuid = {9D8485A8-73AA-423E-B063-ACE366FD794E}
	EndGlobalSection
EndGlobal
