
Microsoft Visual Studio Solution File, Format Version 12.00
# Visual Studio Version 17
VisualStudioVersion = 17.4.33213.308
MinimumVisualStudioVersion = 10.0.40219.1
Project("{FAE04EC0-301F-11D3-BF4B-00C04F79EFBC}") = "assailant", "assailant\assailant.csproj", "{A683B012-D170-4563-8342-ACD49B2481FF}"
EndProject
Project("{FAE04EC0-301F-11D3-BF4B-00C04F79EFBC}") = "Shared", "Shared\Shared.csproj", "{5A7F1650-E090-482E-A751-0B04596FB785}"
EndProject
Global
	GlobalSection(SolutionConfigurationPlatforms) = preSolution
		Debug|Any CPU = Debug|Any CPU
		Release|Any CPU = Release|Any CPU
	EndGlobalSection
	GlobalSection(ProjectConfigurationPlatforms) = postSolution
		{A683B012-D170-4563-8342-ACD49B2481FF}.Debug|Any CPU.ActiveCfg = Debug|Any CPU
		{A683B012-D170-4563-8342-ACD49B2481FF}.Debug|Any CPU.Build.0 = Debug|Any CPU
		{A683B012-D170-4563-8342-ACD49B2481FF}.Release|Any CPU.ActiveCfg = Release|Any CPU
		{A683B012-D170-4563-8342-ACD49B2481FF}.Release|Any CPU.Build.0 = Release|Any CPU
		{5A7F1650-E090-482E-A751-0B04596FB785}.Debug|Any CPU.ActiveCfg = Debug|Any CPU
		{5A7F1650-E090-482E-A751-0B04596FB785}.Debug|Any CPU.Build.0 = Debug|Any CPU
		{5A7F1650-E090-482E-A751-0B04596FB785}.Release|Any CPU.ActiveCfg = Release|Any CPU
		{5A7F1650-E090-482E-A751-0B04596FB785}.Release|Any CPU.Build.0 = Release|Any CPU
	EndGlobalSection
	GlobalSection(SolutionProperties) = preSolution
		HideSolutionNode = FALSE
	EndGlobalSection
	GlobalSection(ExtensibilityGlobals) = postSolution
		SolutionGuid = {9D8485A8-73AA-423E-B063-ACE366FD794E}
	EndGlobalSection
EndGlobal
